
Microsoft Visual Studio Solution File, Format Version 12.00
# Visual Studio Version 17
VisualStudioVersion = 17.7.34202.233
MinimumVisualStudioVersion = 10.0.40219.1
Project("{FAE04EC0-301F-11D3-BF4B-00C04F79EFBC}") = "DockerCourseFrontend", "DockerCourseFrontend\DockerCourseFrontend.csproj", "{93B49A82-3541-47CA-AA42-F1075B888461}"
EndProject
Global
	GlobalSection(SolutionConfigurationPlatforms) = preSolution
		Debug|Any CPU = Debug|Any CPU
		Release|Any CPU = Release|Any CPU
	EndGlobalSection
	GlobalSection(ProjectConfigurationPlatforms) = postSolution
		{93B49A82-3541-47CA-AA42-F1075B888461}.Debug|Any CPU.ActiveCfg = Debug|Any CPU
		{93B49A82-3541-47CA-AA42-F1075B888461}.Debug|Any CPU.Build.0 = Debug|Any CPU
		{93B49A82-3541-47CA-AA42-F1075B888461}.Release|Any CPU.ActiveCfg = Release|Any CPU
		{93B49A82-3541-47CA-AA42-F1075B888461}.Release|Any CPU.Build.0 = Release|Any CPU
	EndGlobalSection
	GlobalSection(SolutionProperties) = preSolution
		HideSolutionNode = FALSE
	EndGlobalSection
	GlobalSection(ExtensibilityGlobals) = postSolution
		SolutionGuid = {053EF16E-17CC-4F86-9B41-B5D0EB8A1635}
	EndGlobalSection
EndGlobal
