
Microsoft Visual Studio Solution File, Format Version 12.00
# Visual Studio Version 17
VisualStudioVersion = 17.7.34202.233
MinimumVisualStudioVersion = 10.0.40219.1
Project("{FAE04EC0-301F-11D3-BF4B-00C04F79EFBC}") = "DockerCourseApi", "DockerCourseApi\DockerCourseApi.csproj", "{3F4DEE35-FEE2-4202-925C-140FD342FFAB}"
EndProject
Global
	GlobalSection(SolutionConfigurationPlatforms) = preSolution
		Debug|Any CPU = Debug|Any CPU
		Release|Any CPU = Release|Any CPU
	EndGlobalSection
	GlobalSection(ProjectConfigurationPlatforms) = postSolution
		{3F4DEE35-FEE2-4202-925C-140FD342FFAB}.Debug|Any CPU.ActiveCfg = Debug|Any CPU
		{3F4DEE35-FEE2-4202-925C-140FD342FFAB}.Debug|Any CPU.Build.0 = Debug|Any CPU
		{3F4DEE35-FEE2-4202-925C-140FD342FFAB}.Release|Any CPU.ActiveCfg = Release|Any CPU
		{3F4DEE35-FEE2-4202-925C-140FD342FFAB}.Release|Any CPU.Build.0 = Release|Any CPU
	EndGlobalSection
	GlobalSection(SolutionProperties) = preSolution
		HideSolutionNode = FALSE
	EndGlobalSection
	GlobalSection(ExtensibilityGlobals) = postSolution
		SolutionGuid = {421B03AF-0BDE-4445-B1B3-DD88EF788972}
	EndGlobalSection
EndGlobal
